
Microsoft Visual Studio Solution File, Format Version 12.00
# Visual Studio Version 17
VisualStudioVersion = 17.5.33414.496
MinimumVisualStudioVersion = 10.0.40219.1
Project("{FAE04EC0-301F-11D3-BF4B-00C04F79EFBC}") = "Melihat dan Menghitung Poin Dari Sampah", "Melihat dan Menghitung Poin Dari Sampah\Melihat dan Menghitung Poin Dari Sampah.csproj", "{A893938A-05A3-41B8-A74E-E3156B8E1D36}"
EndProject
Global
	GlobalSection(SolutionConfigurationPlatforms) = preSolution
		Debug|Any CPU = Debug|Any CPU
		Release|Any CPU = Release|Any CPU
	EndGlobalSection
	GlobalSection(ProjectConfigurationPlatforms) = postSolution
		{A893938A-05A3-41B8-A74E-E3156B8E1D36}.Debug|Any CPU.ActiveCfg = Debug|Any CPU
		{A893938A-05A3-41B8-A74E-E3156B8E1D36}.Debug|Any CPU.Build.0 = Debug|Any CPU
		{A893938A-05A3-41B8-A74E-E3156B8E1D36}.Release|Any CPU.ActiveCfg = Release|Any CPU
		{A893938A-05A3-41B8-A74E-E3156B8E1D36}.Release|Any CPU.Build.0 = Release|Any CPU
	EndGlobalSection
	GlobalSection(SolutionProperties) = preSolution
		HideSolutionNode = FALSE
	EndGlobalSection
	GlobalSection(ExtensibilityGlobals) = postSolution
		SolutionGuid = {3E7AF10F-E768-4E4C-B907-744A5FE7A224}
	EndGlobalSection
EndGlobal
